
Microsoft Visual Studio Solution File, Format Version 12.00
# Visual Studio Version 16
VisualStudioVersion = 16.0.30406.217
MinimumVisualStudioVersion = 10.0.40219.1
Project("{FAE04EC0-301F-11D3-BF4B-00C04F79EFBC}") = "GroupBackend", "GroupBackend\GroupBackend.csproj", "{45914F41-BF1F-4F0A-BACF-07768B6DB5D8}"
EndProject
Global
	GlobalSection(SolutionConfigurationPlatforms) = preSolution
		Debug|Any CPU = Debug|Any CPU
		Release|Any CPU = Release|Any CPU
	EndGlobalSection
	GlobalSection(ProjectConfigurationPlatforms) = postSolution
		{45914F41-BF1F-4F0A-BACF-07768B6DB5D8}.Debug|Any CPU.ActiveCfg = Debug|Any CPU
		{45914F41-BF1F-4F0A-BACF-07768B6DB5D8}.Debug|Any CPU.Build.0 = Debug|Any CPU
		{45914F41-BF1F-4F0A-BACF-07768B6DB5D8}.Release|Any CPU.ActiveCfg = Release|Any CPU
		{45914F41-BF1F-4F0A-BACF-07768B6DB5D8}.Release|Any CPU.Build.0 = Release|Any CPU
	EndGlobalSection
	GlobalSection(SolutionProperties) = preSolution
		HideSolutionNode = FALSE
	EndGlobalSection
	GlobalSection(ExtensibilityGlobals) = postSolution
		SolutionGuid = {480874FB-4435-4563-87D0-C1C07280C486}
	EndGlobalSection
EndGlobal
